
Microsoft Visual Studio Solution File, Format Version 12.00
# Visual Studio Version 16
VisualStudioVersion = 16.0.30309.148
MinimumVisualStudioVersion = 10.0.40219.1
Project("{FAE04EC0-301F-11D3-BF4B-00C04F79EFBC}") = "AdventureHelper", "AdventureHelper\AdventureHelper.csproj", "{CE0E33F0-6A74-465F-948E-7D9D5E4781D0}"
EndProject
Project("{FAE04EC0-301F-11D3-BF4B-00C04F79EFBC}") = "FactoryHelper", "FactoryHelper\FactoryHelper.csproj", "{F87BB358-1E54-43E3-97FA-E55F8B60EB46}"
EndProject
Project("{2150E333-8FDC-42A3-9474-1A3956D46DE8}") = "Solution Items", "Solution Items", "{ECCA3B19-8B2D-492A-B63C-D67B125432C6}"
	ProjectSection(SolutionItems) = preProject
		Readme.md = Readme.md
	EndProjectSection
EndProject
Project("{FAE04EC0-301F-11D3-BF4B-00C04F79EFBC}") = "KaydenCommands", "KaydenCommands\KaydenCommands.csproj", "{9CB578C9-0D4A-4CBC-8239-379E209D5F87}"
EndProject
Project("{FAE04EC0-301F-11D3-BF4B-00C04F79EFBC}") = "EtherHelper", "EtherHelper\EtherHelper.csproj", "{DD63AC84-2293-49B3-8F2B-573F22ACAE9D}"
EndProject
Project("{FAE04EC0-301F-11D3-BF4B-00C04F79EFBC}") = "TrollLand", "TrollLand\TrollLand.csproj", "{DBA11F5F-530E-4014-9C5A-22039DDBA949}"
EndProject
Project("{FAE04EC0-301F-11D3-BF4B-00C04F79EFBC}") = "KaydenSpriteMod", "KaydenSpriteMod\KaydenSpriteMod.csproj", "{7F73ACF9-623F-4F3C-9C1C-30F3C35A8F65}"
EndProject
Project("{FAE04EC0-301F-11D3-BF4B-00C04F79EFBC}") = "ConnectionHelper", "ConnectionHelper\ConnectionHelper.csproj", "{5607D1F5-0D05-46CA-9101-21A54C96BF5D}"
EndProject
Project("{FAE04EC0-301F-11D3-BF4B-00C04F79EFBC}") = "WatchtowerTax", "WatchtowerTax\WatchtowerTax.csproj", "{52FA552F-3D39-4604-942E-CF29D63EBC00}"
EndProject
Project("{FAE04EC0-301F-11D3-BF4B-00C04F79EFBC}") = "EveryTime", "EveryTime\EveryTime.csproj", "{EE8ACE92-7DE4-47A3-B2C9-8C172CC205CD}"
EndProject
Project("{FAE04EC0-301F-11D3-BF4B-00C04F79EFBC}") = "WipePack", "Kayden.WipePack\WipePack.csproj", "{CAF5D31F-D42D-41C3-BC32-BD802E0AD7BE}"
EndProject
Global
	GlobalSection(SolutionConfigurationPlatforms) = preSolution
		Debug|Any CPU = Debug|Any CPU
		Debug|x86 = Debug|x86
		Release|Any CPU = Release|Any CPU
		Release|x86 = Release|x86
	EndGlobalSection
	GlobalSection(ProjectConfigurationPlatforms) = postSolution
		{CE0E33F0-6A74-465F-948E-7D9D5E4781D0}.Debug|Any CPU.ActiveCfg = Debug|Any CPU
		{CE0E33F0-6A74-465F-948E-7D9D5E4781D0}.Debug|Any CPU.Build.0 = Debug|Any CPU
		{CE0E33F0-6A74-465F-948E-7D9D5E4781D0}.Debug|x86.ActiveCfg = Debug|Any CPU
		{CE0E33F0-6A74-465F-948E-7D9D5E4781D0}.Debug|x86.Build.0 = Debug|Any CPU
		{CE0E33F0-6A74-465F-948E-7D9D5E4781D0}.Release|Any CPU.ActiveCfg = Release|Any CPU
		{CE0E33F0-6A74-465F-948E-7D9D5E4781D0}.Release|Any CPU.Build.0 = Release|Any CPU
		{CE0E33F0-6A74-465F-948E-7D9D5E4781D0}.Release|x86.ActiveCfg = Release|Any CPU
		{CE0E33F0-6A74-465F-948E-7D9D5E4781D0}.Release|x86.Build.0 = Release|Any CPU
		{F87BB358-1E54-43E3-97FA-E55F8B60EB46}.Debug|Any CPU.ActiveCfg = Debug|Any CPU
		{F87BB358-1E54-43E3-97FA-E55F8B60EB46}.Debug|Any CPU.Build.0 = Debug|Any CPU
		{F87BB358-1E54-43E3-97FA-E55F8B60EB46}.Debug|x86.ActiveCfg = Debug|Any CPU
		{F87BB358-1E54-43E3-97FA-E55F8B60EB46}.Debug|x86.Build.0 = Debug|Any CPU
		{F87BB358-1E54-43E3-97FA-E55F8B60EB46}.Release|Any CPU.ActiveCfg = Release|Any CPU
		{F87BB358-1E54-43E3-97FA-E55F8B60EB46}.Release|Any CPU.Build.0 = Release|Any CPU
		{F87BB358-1E54-43E3-97FA-E55F8B60EB46}.Release|x86.ActiveCfg = Release|Any CPU
		{F87BB358-1E54-43E3-97FA-E55F8B60EB46}.Release|x86.Build.0 = Release|Any CPU
		{9CB578C9-0D4A-4CBC-8239-379E209D5F87}.Debug|Any CPU.ActiveCfg = Debug|Any CPU
		{9CB578C9-0D4A-4CBC-8239-379E209D5F87}.Debug|Any CPU.Build.0 = Debug|Any CPU
		{9CB578C9-0D4A-4CBC-8239-379E209D5F87}.Debug|x86.ActiveCfg = Debug|Any CPU
		{9CB578C9-0D4A-4CBC-8239-379E209D5F87}.Debug|x86.Build.0 = Debug|Any CPU
		{9CB578C9-0D4A-4CBC-8239-379E209D5F87}.Release|Any CPU.ActiveCfg = Release|Any CPU
		{9CB578C9-0D4A-4CBC-8239-379E209D5F87}.Release|Any CPU.Build.0 = Release|Any CPU
		{9CB578C9-0D4A-4CBC-8239-379E209D5F87}.Release|x86.ActiveCfg = Release|Any CPU
		{9CB578C9-0D4A-4CBC-8239-379E209D5F87}.Release|x86.Build.0 = Release|Any CPU
		{DD63AC84-2293-49B3-8F2B-573F22ACAE9D}.Debug|Any CPU.ActiveCfg = Debug|Any CPU
		{DD63AC84-2293-49B3-8F2B-573F22ACAE9D}.Debug|Any CPU.Build.0 = Debug|Any CPU
		{DD63AC84-2293-49B3-8F2B-573F22ACAE9D}.Debug|x86.ActiveCfg = Debug|Any CPU
		{DD63AC84-2293-49B3-8F2B-573F22ACAE9D}.Debug|x86.Build.0 = Debug|Any CPU
		{DD63AC84-2293-49B3-8F2B-573F22ACAE9D}.Release|Any CPU.ActiveCfg = Release|Any CPU
		{DD63AC84-2293-49B3-8F2B-573F22ACAE9D}.Release|Any CPU.Build.0 = Release|Any CPU
		{DD63AC84-2293-49B3-8F2B-573F22ACAE9D}.Release|x86.ActiveCfg = Release|Any CPU
		{DD63AC84-2293-49B3-8F2B-573F22ACAE9D}.Release|x86.Build.0 = Release|Any CPU
		{DBA11F5F-530E-4014-9C5A-22039DDBA949}.Debug|Any CPU.ActiveCfg = Debug|Any CPU
		{DBA11F5F-530E-4014-9C5A-22039DDBA949}.Debug|Any CPU.Build.0 = Debug|Any CPU
		{DBA11F5F-530E-4014-9C5A-22039DDBA949}.Debug|x86.ActiveCfg = Debug|Any CPU
		{DBA11F5F-530E-4014-9C5A-22039DDBA949}.Debug|x86.Build.0 = Debug|Any CPU
		{DBA11F5F-530E-4014-9C5A-22039DDBA949}.Release|Any CPU.ActiveCfg = Release|Any CPU
		{DBA11F5F-530E-4014-9C5A-22039DDBA949}.Release|Any CPU.Build.0 = Release|Any CPU
		{DBA11F5F-530E-4014-9C5A-22039DDBA949}.Release|x86.ActiveCfg = Release|Any CPU
		{DBA11F5F-530E-4014-9C5A-22039DDBA949}.Release|x86.Build.0 = Release|Any CPU
		{7F73ACF9-623F-4F3C-9C1C-30F3C35A8F65}.Debug|Any CPU.ActiveCfg = Debug|Any CPU
		{7F73ACF9-623F-4F3C-9C1C-30F3C35A8F65}.Debug|Any CPU.Build.0 = Debug|Any CPU
		{7F73ACF9-623F-4F3C-9C1C-30F3C35A8F65}.Debug|x86.ActiveCfg = Debug|Any CPU
		{7F73ACF9-623F-4F3C-9C1C-30F3C35A8F65}.Debug|x86.Build.0 = Debug|Any CPU
		{7F73ACF9-623F-4F3C-9C1C-30F3C35A8F65}.Release|Any CPU.ActiveCfg = Release|Any CPU
		{7F73ACF9-623F-4F3C-9C1C-30F3C35A8F65}.Release|Any CPU.Build.0 = Release|Any CPU
		{7F73ACF9-623F-4F3C-9C1C-30F3C35A8F65}.Release|x86.ActiveCfg = Release|Any CPU
		{7F73ACF9-623F-4F3C-9C1C-30F3C35A8F65}.Release|x86.Build.0 = Release|Any CPU
		{5607D1F5-0D05-46CA-9101-21A54C96BF5D}.Debug|Any CPU.ActiveCfg = Debug|Any CPU
		{5607D1F5-0D05-46CA-9101-21A54C96BF5D}.Debug|Any CPU.Build.0 = Debug|Any CPU
		{5607D1F5-0D05-46CA-9101-21A54C96BF5D}.Debug|x86.ActiveCfg = Debug|Any CPU
		{5607D1F5-0D05-46CA-9101-21A54C96BF5D}.Debug|x86.Build.0 = Debug|Any CPU
		{5607D1F5-0D05-46CA-9101-21A54C96BF5D}.Release|Any CPU.ActiveCfg = Release|Any CPU
		{5607D1F5-0D05-46CA-9101-21A54C96BF5D}.Release|Any CPU.Build.0 = Release|Any CPU
		{5607D1F5-0D05-46CA-9101-21A54C96BF5D}.Release|x86.ActiveCfg = Release|Any CPU
		{5607D1F5-0D05-46CA-9101-21A54C96BF5D}.Release|x86.Build.0 = Release|Any CPU
		{52FA552F-3D39-4604-942E-CF29D63EBC00}.Debug|Any CPU.ActiveCfg = Debug|Any CPU
		{52FA552F-3D39-4604-942E-CF29D63EBC00}.Debug|Any CPU.Build.0 = Debug|Any CPU
		{52FA552F-3D39-4604-942E-CF29D63EBC00}.Debug|x86.ActiveCfg = Debug|Any CPU
		{52FA552F-3D39-4604-942E-CF29D63EBC00}.Debug|x86.Build.0 = Debug|Any CPU
		{52FA552F-3D39-4604-942E-CF29D63EBC00}.Release|Any CPU.ActiveCfg = Release|Any CPU
		{52FA552F-3D39-4604-942E-CF29D63EBC00}.Release|Any CPU.Build.0 = Release|Any CPU
		{52FA552F-3D39-4604-942E-CF29D63EBC00}.Release|x86.ActiveCfg = Release|Any CPU
		{52FA552F-3D39-4604-942E-CF29D63EBC00}.Release|x86.Build.0 = Release|Any CPU
		{EE8ACE92-7DE4-47A3-B2C9-8C172CC205CD}.Debug|Any CPU.ActiveCfg = Debug|Any CPU
		{EE8ACE92-7DE4-47A3-B2C9-8C172CC205CD}.Debug|Any CPU.Build.0 = Debug|Any CPU
		{EE8ACE92-7DE4-47A3-B2C9-8C172CC205CD}.Debug|x86.ActiveCfg = Debug|Any CPU
		{EE8ACE92-7DE4-47A3-B2C9-8C172CC205CD}.Debug|x86.Build.0 = Debug|Any CPU
		{EE8ACE92-7DE4-47A3-B2C9-8C172CC205CD}.Release|Any CPU.ActiveCfg = Release|Any CPU
		{EE8ACE92-7DE4-47A3-B2C9-8C172CC205CD}.Release|Any CPU.Build.0 = Release|Any CPU
		{EE8ACE92-7DE4-47A3-B2C9-8C172CC205CD}.Release|x86.ActiveCfg = Release|Any CPU
		{EE8ACE92-7DE4-47A3-B2C9-8C172CC205CD}.Release|x86.Build.0 = Release|Any CPU
		{CAF5D31F-D42D-41C3-BC32-BD802E0AD7BE}.Debug|Any CPU.ActiveCfg = Debug|Any CPU
		{CAF5D31F-D42D-41C3-BC32-BD802E0AD7BE}.Debug|Any CPU.Build.0 = Debug|Any CPU
		{CAF5D31F-D42D-41C3-BC32-BD802E0AD7BE}.Debug|x86.ActiveCfg = Debug|Any CPU
		{CAF5D31F-D42D-41C3-BC32-BD802E0AD7BE}.Debug|x86.Build.0 = Debug|Any CPU
		{CAF5D31F-D42D-41C3-BC32-BD802E0AD7BE}.Release|Any CPU.ActiveCfg = Release|Any CPU
		{CAF5D31F-D42D-41C3-BC32-BD802E0AD7BE}.Release|Any CPU.Build.0 = Release|Any CPU
		{CAF5D31F-D42D-41C3-BC32-BD802E0AD7BE}.Release|x86.ActiveCfg = Release|Any CPU
		{CAF5D31F-D42D-41C3-BC32-BD802E0AD7BE}.Release|x86.Build.0 = Release|Any CPU
	EndGlobalSection
	GlobalSection(SolutionProperties) = preSolution
		HideSolutionNode = FALSE
	EndGlobalSection
	GlobalSection(ExtensibilityGlobals) = postSolution
		SolutionGuid = {B2BA03C1-DF95-458A-9191-9506053910EE}
	EndGlobalSection
EndGlobal
